[[package]]
name = "asgiref"
version = "3.3.1"
description = "ASGI specs, helper code, and adapters"
category = "main"
optional = false
python-versions = ">=3.5"

[package.extras]
tests = ["pytest", "pytest-asyncio"]

[[package]]
name = "certifi"
version = "2020.11.8"
description = "Python package for providing Mozilla's CA Bundle."
category = "main"
optional = false
python-versions = "*"

[[package]]
name = "cffi"
version = "1.14.3"
description = "Foreign Function Interface for Python calling C code."
category = "main"
optional = false
python-versions = "*"

[package.dependencies]
pycparser = "*"

[[package]]
name = "chardet"
version = "3.0.4"
description = "Universal encoding detector for Python 2 and 3"
category = "main"
optional = false
python-versions = "*"

[[package]]
name = "cryptography"
version = "3.2.1"
description = "cryptography is a package which provides cryptographic recipes and primitives to Python developers."
category = "main"
optional = false
python-versions = ">=2.7,!=3.0.*,!=3.1.*,!=3.2.*,!=3.3.*,!=3.4.*"

[package.dependencies]
cffi = ">=1.8,<1.11.3 || >1.11.3"
six = ">=1.4.1"

[package.extras]
docs = ["sphinx (>=1.6.5,!=1.8.0,!=3.1.0,!=3.1.1)", "sphinx_rtd_theme"]
docstest = ["doc8", "pyenchant (>=1.6.11)", "sphinxcontrib-spelling (>=4.0.1)", "twine (>=1.12.0)"]
pep8test = ["black", "flake8", "flake8-import-order", "pep8-naming"]
ssh = ["bcrypt (>=3.1.5)"]
test = ["hypothesis (>=1.11.4,!=3.79.2)", "iso8601", "pretend", "pytest (>=3.6.0,!=3.9.0,!=3.9.1,!=3.9.2)", "pytz"]

[[package]]
name = "defusedxml"
version = "0.7.0rc1"
description = "XML bomb protection for Python stdlib modules"
category = "main"
optional = false
python-versions = ">=2.7, !=3.0.*, !=3.1.*, !=3.2.*, !=3.3.*, !=3.4.*"

[[package]]
name = "dj-database-url"
version = "0.5.0"
description = "Use Database URLs in your Django Application."
category = "main"
optional = false
python-versions = "*"

[[package]]
name = "django"
version = "3.1.4"
description = "A high-level Python Web framework that encourages rapid development and clean, pragmatic design."
category = "main"
optional = false
python-versions = ">=3.6"

[package.dependencies]
asgiref = ">=3.2.10,<4"
pytz = "*"
sqlparse = ">=0.2.2"

[package.extras]
argon2 = ["argon2-cffi (>=16.1.0)"]
bcrypt = ["bcrypt"]

[[package]]
name = "gunicorn"
version = "20.0.4"
description = "WSGI HTTP Server for UNIX"
category = "main"
optional = false
python-versions = ">=3.4"

[package.dependencies]
setuptools = ">=3.0"

[package.extras]
eventlet = ["eventlet (>=0.9.7)"]
gevent = ["gevent (>=0.13)"]
setproctitle = ["setproctitle"]
tornado = ["tornado (>=0.2)"]

[[package]]
name = "idna"
version = "2.10"
description = "Internationalized Domain Names in Applications (IDNA)"
category = "main"
optional = false
python-versions = ">=2.7, !=3.0.*, !=3.1.*, !=3.2.*, !=3.3.*"

[[package]]
name = "oauthlib"
version = "3.1.0"
description = "A generic, spec-compliant, thorough implementation of the OAuth request-signing logic"
category = "main"
optional = false
python-versions = ">=2.7, !=3.0.*, !=3.1.*, !=3.2.*, !=3.3.*"

[package.extras]
rsa = ["cryptography"]
signals = ["blinker"]
signedtoken = ["cryptography", "pyjwt (>=1.0.0)"]

[[package]]
name = "psycopg2-binary"
version = "2.9.4"
description = "psycopg2 - Python-PostgreSQL Database Adapter"
category = "main"
optional = false
python-versions = ">=3.6"

[[package]]
name = "pycparser"
version = "2.20"
description = "C parser in Python"
category = "main"
optional = false
python-versions = ">=2.7, !=3.0.*, !=3.1.*, !=3.2.*, !=3.3.*"

[[package]]
name = "pyjwt"
version = "1.7.1"
description = "JSON Web Token implementation in Python"
category = "main"
optional = false
python-versions = "*"

[package.extras]
crypto = ["cryptography (>=1.4)"]
flake8 = ["flake8", "flake8-import-order", "pep8-naming"]
test = ["pytest (>=4.0.1,<5.0.0)", "pytest-cov (>=2.6.0,<3.0.0)", "pytest-runner (>=4.2,<5.0.0)"]

[[package]]
name = "python3-openid"
version = "3.2.0"
description = "OpenID support for modern servers and consumers."
category = "main"
optional = false
python-versions = "*"

[package.dependencies]
defusedxml = "*"

[package.extras]
mysql = ["mysql-connector-python"]
postgresql = ["psycopg2"]

[[package]]
name = "pytz"
version = "2020.4"
description = "World timezone definitions, modern and historical"
category = "main"
optional = false
python-versions = "*"

[[package]]
name = "requests"
version = "2.25.0"
description = "Python HTTP for Humans."
category = "main"
optional = false
python-versions = ">=2.7, !=3.0.*, !=3.1.*, !=3.2.*, !=3.3.*, !=3.4.*"

[package.dependencies]
certifi = ">=2017.4.17"
chardet = ">=3.0.2,<4"
idna = ">=2.5,<3"
urllib3 = ">=1.21.1,<1.27"

[package.extras]
security = ["cryptography (>=1.3.4)", "pyOpenSSL (>=0.14)"]
socks = ["PySocks (>=1.5.6,!=1.5.7)", "win-inet-pton"]

[[package]]
name = "requests-oauthlib"
version = "1.3.0"
description = "OAuthlib authentication support for Requests."
category = "main"
optional = false
python-versions = ">=2.7, !=3.0.*, !=3.1.*, !=3.2.*, !=3.3.*"

[package.dependencies]
oauthlib = ">=3.0.0"
requests = ">=2.0.0"

[package.extras]
rsa = ["oauthlib[signedtoken] (>=3.0.0)"]

[[package]]
name = "setuptools"
version = "65.4.1"
description = "Easily download, build, install, upgrade, and uninstall Python packages"
category = "main"
optional = false
python-versions = ">=3.7"

[package.extras]
docs = ["furo", "jaraco.packaging (>=9)", "jaraco.tidelift (>=1.4)", "pygments-github-lexers (==0.0.5)", "rst.linker (>=1.9)", "sphinx (>=3.5)", "sphinx-favicon", "sphinx-hoverxref (<2)", "sphinx-inline-tabs", "sphinx-notfound-page (==0.8.3)", "sphinx-reredirects", "sphinxcontrib-towncrier"]
testing = ["build[virtualenv]", "filelock (>=3.4.0)", "flake8 (<5)", "flake8-2020", "ini2toml[lite] (>=0.9)", "jaraco.envs (>=2.2)", "jaraco.path (>=3.2.0)", "mock", "pip (>=19.1)", "pip-run (>=8.8)", "pytest (>=6)", "pytest-black (>=0.3.7)", "pytest-checkdocs (>=2.4)", "pytest-cov", "pytest-enabler (>=1.3)", "pytest-flake8", "pytest-mypy (>=0.9.1)", "pytest-perf", "pytest-xdist", "tomli-w (>=1.0.0)", "virtualenv (>=13.0.0)", "wheel"]
testing-integration = ["build[virtualenv]", "filelock (>=3.4.0)", "jaraco.envs (>=2.2)", "jaraco.path (>=3.2.0)", "pytest", "pytest-enabler", "pytest-xdist", "tomli", "virtualenv (>=13.0.0)", "wheel"]

[[package]]
name = "six"
version = "1.15.0"
description = "Python 2 and 3 compatibility utilities"
category = "main"
optional = false
python-versions = ">=2.7, !=3.0.*, !=3.1.*, !=3.2.*"

[[package]]
name = "social-auth-app-django"
version = "4.0.0"
description = "Python Social Authentication, Django integration."
category = "main"
optional = false
python-versions = "*"

[package.dependencies]
six = "*"
social-auth-core = ">=3.3.0"

[[package]]
name = "social-auth-core"
version = "3.3.3"
description = "Python social authentication made simple."
category = "main"
optional = false
python-versions = "*"

[package.dependencies]
cryptography = ">=1.4"
defusedxml = {version = ">=0.5.0rc1", markers = "python_version >= \"3.0\""}
oauthlib = ">=1.0.3"
PyJWT = ">=1.4.0"
python3-openid = {version = ">=3.0.10", markers = "python_version >= \"3.0\""}
requests = ">=2.9.1"
requests-oauthlib = ">=0.6.1"
six = ">=1.10.0"

[package.extras]
all = ["cryptography (>=2.1.1)", "pyjwt (>=1.7.1)", "python-jose (>=3.0.0)", "python-saml (>=2.2.0)"]
allpy2 = ["cryptography (>=2.1.1)", "pyjwt (>=1.7.1)", "python-jose (>=3.0.0)", "python-openid (>=2.2.5)", "python-saml (>=2.2.0)"]
allpy3 = ["cryptography (>=2.1.1)", "defusedxml (>=0.5.0rc1)", "pyjwt (>=1.7.1)", "python-jose (>=3.0.0)", "python-saml (>=2.2.0)", "python3-openid (>=3.0.10)"]
azuread = ["cryptography (>=2.1.1)"]
openidconnect = ["pyjwt (>=1.7.1)", "python-jose (>=3.0.0)"]
saml = ["python-saml (>=2.2.0)"]

[[package]]
name = "sqlparse"
version = "0.4.1"
description = "A non-validating SQL parser."
category = "main"
optional = false
python-versions = ">=3.5"

[[package]]
name = "urllib3"
version = "1.26.2"
description = "HTTP library with thread-safe connection pooling, file post, and more."
category = "main"
optional = false
python-versions = ">=2.7, !=3.0.*, !=3.1.*, !=3.2.*, !=3.3.*, !=3.4.*, <4"

[package.extras]
brotli = ["brotlipy (>=0.6.0)"]
secure = ["certifi", "cryptography (>=1.3.4)", "idna (>=2.0.0)", "ipaddress", "pyOpenSSL (>=0.14)"]
socks = ["PySocks (>=1.5.6,!=1.5.7,<2.0)"]

[metadata]
lock-version = "1.1"
python-versions = "3.9.0"
content-hash = "7891587f7f8943b30fd5d6fdea9aedb092b5b8365e096a2122d9369ed22f4275"

[metadata.files]
asgiref = [
    {file = "asgiref-3.3.1-py3-none-any.whl", hash = "sha256:5ee950735509d04eb673bd7f7120f8fa1c9e2df495394992c73234d526907e17"},
    {file = "asgiref-3.3.1.tar.gz", hash = "sha256:7162a3cb30ab0609f1a4c95938fd73e8604f63bdba516a7f7d64b83ff09478f0"},
]
certifi = [
    {file = "certifi-2020.11.8-py2.py3-none-any.whl", hash = "sha256:1f422849db327d534e3d0c5f02a263458c3955ec0aae4ff09b95f195c59f4edd"},
    {file = "certifi-2020.11.8.tar.gz", hash = "sha256:f05def092c44fbf25834a51509ef6e631dc19765ab8a57b4e7ab85531f0a9cf4"},
]
cffi = [
    {file = "cffi-1.14.3-2-cp27-cp27m-macosx_10_9_x86_64.whl", hash = "sha256:3eeeb0405fd145e714f7633a5173318bd88d8bbfc3dd0a5751f8c4f70ae629bc"},
    {file = "cffi-1.14.3-2-cp35-cp35m-macosx_10_9_x86_64.whl", hash = "sha256:cb763ceceae04803adcc4e2d80d611ef201c73da32d8f2722e9d0ab0c7f10768"},
    {file = "cffi-1.14.3-2-cp36-cp36m-macosx_10_9_x86_64.whl", hash = "sha256:44f60519595eaca110f248e5017363d751b12782a6f2bd6a7041cba275215f5d"},
    {file = "cffi-1.14.3-2-cp37-cp37m-macosx_10_9_x86_64.whl", hash = "sha256:c53af463f4a40de78c58b8b2710ade243c81cbca641e34debf3396a9640d6ec1"},
    {file = "cffi-1.14.3-2-cp38-cp38-macosx_10_9_x86_64.whl", hash = "sha256:33c6cdc071ba5cd6d96769c8969a0531be2d08c2628a0143a10a7dcffa9719ca"},
    {file = "cffi-1.14.3-2-cp39-cp39-macosx_10_9_x86_64.whl", hash = "sha256:c11579638288e53fc94ad60022ff1b67865363e730ee41ad5e6f0a17188b327a"},
    {file = "cffi-1.14.3-cp27-cp27m-manylinux1_i686.whl", hash = "sha256:3cb3e1b9ec43256c4e0f8d2837267a70b0e1ca8c4f456685508ae6106b1f504c"},
    {file = "cffi-1.14.3-cp27-cp27m-manylinux1_x86_64.whl", hash = "sha256:f0620511387790860b249b9241c2f13c3a80e21a73e0b861a2df24e9d6f56730"},
    {file = "cffi-1.14.3-cp27-cp27m-win32.whl", hash = "sha256:005f2bfe11b6745d726dbb07ace4d53f057de66e336ff92d61b8c7e9c8f4777d"},
    {file = "cffi-1.14.3-cp27-cp27m-win_amd64.whl", hash = "sha256:2f9674623ca39c9ebe38afa3da402e9326c245f0f5ceff0623dccdac15023e05"},
    {file = "cffi-1.14.3-cp27-cp27mu-manylinux1_i686.whl", hash = "sha256:09e96138280241bd355cd585148dec04dbbedb4f46128f340d696eaafc82dd7b"},
    {file = "cffi-1.14.3-cp27-cp27mu-manylinux1_x86_64.whl", hash = "sha256:3363e77a6176afb8823b6e06db78c46dbc4c7813b00a41300a4873b6ba63b171"},
    {file = "cffi-1.14.3-cp35-cp35m-manylinux1_i686.whl", hash = "sha256:0ef488305fdce2580c8b2708f22d7785ae222d9825d3094ab073e22e93dfe51f"},
    {file = "cffi-1.14.3-cp35-cp35m-manylinux1_x86_64.whl", hash = "sha256:0b1ad452cc824665ddc682400b62c9e4f5b64736a2ba99110712fdee5f2505c4"},
    {file = "cffi-1.14.3-cp35-cp35m-win32.whl", hash = "sha256:85ba797e1de5b48aa5a8427b6ba62cf69607c18c5d4eb747604b7302f1ec382d"},
    {file = "cffi-1.14.3-cp35-cp35m-win_amd64.whl", hash = "sha256:e66399cf0fc07de4dce4f588fc25bfe84a6d1285cc544e67987d22663393926d"},
    {file = "cffi-1.14.3-cp36-cp36m-manylinux1_i686.whl", hash = "sha256:15f351bed09897fbda218e4db5a3d5c06328862f6198d4fb385f3e14e19decb3"},
    {file = "cffi-1.14.3-cp36-cp36m-manylinux1_x86_64.whl", hash = "sha256:4d7c26bfc1ea9f92084a1d75e11999e97b62d63128bcc90c3624d07813c52808"},
    {file = "cffi-1.14.3-cp36-cp36m-manylinux2014_aarch64.whl", hash = "sha256:23e5d2040367322824605bc29ae8ee9175200b92cb5483ac7d466927a9b3d537"},
    {file = "cffi-1.14.3-cp36-cp36m-win32.whl", hash = "sha256:a624fae282e81ad2e4871bdb767e2c914d0539708c0f078b5b355258293c98b0"},
    {file = "cffi-1.14.3-cp36-cp36m-win_amd64.whl", hash = "sha256:de31b5164d44ef4943db155b3e8e17929707cac1e5bd2f363e67a56e3af4af6e"},
    {file = "cffi-1.14.3-cp37-cp37m-manylinux1_i686.whl", hash = "sha256:f92cdecb618e5fa4658aeb97d5eb3d2f47aa94ac6477c6daf0f306c5a3b9e6b1"},
    {file = "cffi-1.14.3-cp37-cp37m-manylinux1_x86_64.whl", hash = "sha256:22399ff4870fb4c7ef19fff6eeb20a8bbf15571913c181c78cb361024d574579"},
    {file = "cffi-1.14.3-cp37-cp37m-manylinux2014_aarch64.whl", hash = "sha256:f4eae045e6ab2bb54ca279733fe4eb85f1effda392666308250714e01907f394"},
    {file = "cffi-1.14.3-cp37-cp37m-win32.whl", hash = "sha256:b0358e6fefc74a16f745afa366acc89f979040e0cbc4eec55ab26ad1f6a9bfbc"},
    {file = "cffi-1.14.3-cp37-cp37m-win_amd64.whl", hash = "sha256:6642f15ad963b5092d65aed022d033c77763515fdc07095208f15d3563003869"},
    {file = "cffi-1.14.3-cp38-cp38-manylinux1_i686.whl", hash = "sha256:2791f68edc5749024b4722500e86303a10d342527e1e3bcac47f35fbd25b764e"},
    {file = "cffi-1.14.3-cp38-cp38-manylinux1_x86_64.whl", hash = "sha256:529c4ed2e10437c205f38f3691a68be66c39197d01062618c55f74294a4a4828"},
    {file = "cffi-1.14.3-cp38-cp38-manylinux2014_aarch64.whl", hash = "sha256:8f0f1e499e4000c4c347a124fa6a27d37608ced4fe9f7d45070563b7c4c370c9"},
    {file = "cffi-1.14.3-cp38-cp38-win32.whl", hash = "sha256:3b8eaf915ddc0709779889c472e553f0d3e8b7bdf62dab764c8921b09bf94522"},
    {file = "cffi-1.14.3-cp38-cp38-win_amd64.whl", hash = "sha256:bbd2f4dfee1079f76943767fce837ade3087b578aeb9f69aec7857d5bf25db15"},
    {file = "cffi-1.14.3-cp39-cp39-manylinux1_i686.whl", hash = "sha256:cc75f58cdaf043fe6a7a6c04b3b5a0e694c6a9e24050967747251fb80d7bce0d"},
    {file = "cffi-1.14.3-cp39-cp39-manylinux1_x86_64.whl", hash = "sha256:bf39a9e19ce7298f1bd6a9758fa99707e9e5b1ebe5e90f2c3913a47bc548747c"},
    {file = "cffi-1.14.3-cp39-cp39-win32.whl", hash = "sha256:d80998ed59176e8cba74028762fbd9b9153b9afc71ea118e63bbf5d4d0f9552b"},
    {file = "cffi-1.14.3-cp39-cp39-win_amd64.whl", hash = "sha256:c150eaa3dadbb2b5339675b88d4573c1be3cb6f2c33a6c83387e10cc0bf05bd3"},
    {file = "cffi-1.14.3.tar.gz", hash = "sha256:f92f789e4f9241cd262ad7a555ca2c648a98178a953af117ef7fad46aa1d5591"},
]
chardet = [
    {file = "chardet-3.0.4-py2.py3-none-any.whl", hash = "sha256:fc323ffcaeaed0e0a02bf4d117757b98aed530d9ed4531e3e15460124c106691"},
    {file = "chardet-3.0.4.tar.gz", hash = "sha256:84ab92ed1c4d4f16916e05906b6b75a6c0fb5db821cc65e70cbd64a3e2a5eaae"},
]
cryptography = [
    {file = "cryptography-3.2.1-cp27-cp27m-macosx_10_10_x86_64.whl", hash = "sha256:6dc59630ecce8c1f558277ceb212c751d6730bd12c80ea96b4ac65637c4f55e7"},
    {file = "cryptography-3.2.1-cp27-cp27m-manylinux1_x86_64.whl", hash = "sha256:75e8e6684cf0034f6bf2a97095cb95f81537b12b36a8fedf06e73050bb171c2d"},
    {file = "cryptography-3.2.1-cp27-cp27m-manylinux2010_x86_64.whl", hash = "sha256:4e7268a0ca14536fecfdf2b00297d4e407da904718658c1ff1961c713f90fd33"},
    {file = "cryptography-3.2.1-cp27-cp27m-win32.whl", hash = "sha256:7117319b44ed1842c617d0a452383a5a052ec6aa726dfbaffa8b94c910444297"},
    {file = "cryptography-3.2.1-cp27-cp27m-win_amd64.whl", hash = "sha256:a733671100cd26d816eed39507e585c156e4498293a907029969234e5e634bc4"},
    {file = "cryptography-3.2.1-cp27-cp27mu-manylinux1_x86_64.whl", hash = "sha256:a75f306a16d9f9afebfbedc41c8c2351d8e61e818ba6b4c40815e2b5740bb6b8"},
    {file = "cryptography-3.2.1-cp27-cp27mu-manylinux2010_x86_64.whl", hash = "sha256:5849d59358547bf789ee7e0d7a9036b2d29e9a4ddf1ce5e06bb45634f995c53e"},
    {file = "cryptography-3.2.1-cp35-abi3-macosx_10_10_x86_64.whl", hash = "sha256:bd717aa029217b8ef94a7d21632a3bb5a4e7218a4513d2521c2a2fd63011e98b"},
    {file = "cryptography-3.2.1-cp35-abi3-manylinux1_x86_64.whl", hash = "sha256:efe15aca4f64f3a7ea0c09c87826490e50ed166ce67368a68f315ea0807a20df"},
    {file = "cryptography-3.2.1-cp35-abi3-manylinux2010_x86_64.whl", hash = "sha256:32434673d8505b42c0de4de86da8c1620651abd24afe91ae0335597683ed1b77"},
    {file = "cryptography-3.2.1-cp35-abi3-manylinux2014_aarch64.whl", hash = "sha256:7b8d9d8d3a9bd240f453342981f765346c87ade811519f98664519696f8e6ab7"},
    {file = "cryptography-3.2.1-cp35-cp35m-win32.whl", hash = "sha256:d3545829ab42a66b84a9aaabf216a4dce7f16dbc76eb69be5c302ed6b8f4a29b"},
    {file = "cryptography-3.2.1-cp35-cp35m-win_amd64.whl", hash = "sha256:a4e27ed0b2504195f855b52052eadcc9795c59909c9d84314c5408687f933fc7"},
    {file = "cryptography-3.2.1-cp36-abi3-win32.whl", hash = "sha256:13b88a0bd044b4eae1ef40e265d006e34dbcde0c2f1e15eb9896501b2d8f6c6f"},
    {file = "cryptography-3.2.1-cp36-abi3-win_amd64.whl", hash = "sha256:07ca431b788249af92764e3be9a488aa1d39a0bc3be313d826bbec690417e538"},
    {file = "cryptography-3.2.1-cp36-cp36m-win32.whl", hash = "sha256:a035a10686532b0587d58a606004aa20ad895c60c4d029afa245802347fab57b"},
    {file = "cryptography-3.2.1-cp36-cp36m-win_amd64.whl", hash = "sha256:d26a2557d8f9122f9bf445fc7034242f4375bd4e95ecda007667540270965b13"},
    {file = "cryptography-3.2.1-cp37-cp37m-win32.whl", hash = "sha256:545a8550782dda68f8cdc75a6e3bf252017aa8f75f19f5a9ca940772fc0cb56e"},
    {file = "cryptography-3.2.1-cp37-cp37m-win_amd64.whl", hash = "sha256:55d0b896631412b6f0c7de56e12eb3e261ac347fbaa5d5e705291a9016e5f8cb"},
    {file = "cryptography-3.2.1-cp38-cp38-win32.whl", hash = "sha256:3cd75a683b15576cfc822c7c5742b3276e50b21a06672dc3a800a2d5da4ecd1b"},
    {file = "cryptography-3.2.1-cp38-cp38-win_amd64.whl", hash = "sha256:d25cecbac20713a7c3bc544372d42d8eafa89799f492a43b79e1dfd650484851"},
    {file = "cryptography-3.2.1.tar.gz", hash = "sha256:d3d5e10be0cf2a12214ddee45c6bd203dab435e3d83b4560c03066eda600bfe3"},
]
defusedxml = [
    {file = "defusedxml-0.7.0rc1-py2.py3-none-any.whl", hash = "sha256:8ede8ba04cf5bf7999e1492fa77df545db83717f52c5eab625f97228ebd539bf"},
    {file = "defusedxml-0.7.0rc1.tar.gz", hash = "sha256:aa621655d72cdd30f57073893b96cd0c3831a85b08b8e4954531bdac47e3e8c8"},
]
dj-database-url = [
    {file = "dj-database-url-0.5.0.tar.gz", hash = "sha256:4aeaeb1f573c74835b0686a2b46b85990571159ffc21aa57ecd4d1e1cb334163"},
    {file = "dj_database_url-0.5.0-py2.py3-none-any.whl", hash = "sha256:851785365761ebe4994a921b433062309eb882fedd318e1b0fcecc607ed02da9"},
]
django = [
    {file = "Django-3.1.4-py3-none-any.whl", hash = "sha256:5c866205f15e7a7123f1eec6ab939d22d5bde1416635cab259684af66d8e48a2"},
    {file = "Django-3.1.4.tar.gz", hash = "sha256:edb10b5c45e7e9c0fb1dc00b76ec7449aca258a39ffd613dbd078c51d19c9f03"},
]
gunicorn = [
    {file = "gunicorn-20.0.4-py2.py3-none-any.whl", hash = "sha256:cd4a810dd51bf497552cf3f863b575dabd73d6ad6a91075b65936b151cbf4f9c"},
    {file = "gunicorn-20.0.4.tar.gz", hash = "sha256:1904bb2b8a43658807108d59c3f3d56c2b6121a701161de0ddf9ad140073c626"},
]
idna = [
    {file = "idna-2.10-py2.py3-none-any.whl", hash = "sha256:b97d804b1e9b523befed77c48dacec60e6dcb0b5391d57af6a65a312a90648c0"},
    {file = "idna-2.10.tar.gz", hash = "sha256:b307872f855b18632ce0c21c5e45be78c0ea7ae4c15c828c20788b26921eb3f6"},
]
oauthlib = [
    {file = "oauthlib-3.1.0-py2.py3-none-any.whl", hash = "sha256:df884cd6cbe20e32633f1db1072e9356f53638e4361bef4e8b03c9127c9328ea"},
    {file = "oauthlib-3.1.0.tar.gz", hash = "sha256:bee41cc35fcca6e988463cacc3bcb8a96224f470ca547e697b604cc697b2f889"},
]
psycopg2-binary = [
    {file = "psycopg2-binary-2.9.4.tar.gz", hash = "sha256:a6a2d3d75d8698dee492f4af7ad07606d0734e581edf9e2ce2f74b6fce90f42e"},
    {file = "psycopg2_binary-2.9.4-cp310-cp310-macosx_10_15_x86_64.macosx_10_9_intel.macosx_10_9_x86_64.macosx_10_10_intel.macosx_10_10_x86_64.whl", hash = "sha256:e72491d72870c3cb2f0d6f4174485533caec0e9ed7e717e2859b7cc7ff2ae1c4"},
    {file = "psycopg2_binary-2.9.4-cp310-cp310-macosx_11_0_arm64.whl", hash = "sha256:2903bf90b1e6bfc9bbfc94a1db0b50ffa9830a0ca4c042fbc38d93890c02ce08"},
    {file = "psycopg2_binary-2.9.4-cp310-cp310-manylinux_2_17_i686.manylinux2014_i686.whl", hash = "sha256:15e0ac0ed8a85f6049e836e95ddee627766561c85be8d23f4b3edb6ddbaa7310"},
    {file = "psycopg2_binary-2.9.4-cp310-cp310-manylinux_2_17_x86_64.manylinux2014_x86_64.whl", hash = "sha256:edf0a66ce9517365c7dcfed597894d8dd1f27b59e550b77a089054101435213b"},
    {file = "psycopg2_binary-2.9.4-cp310-cp310-manylinux_2_24_aarch64.whl", hash = "sha256:61c6a258469c66412ae8358a0501df6ccb3bb48aa9c43b56624571ff9767f91d"},
    {file = "psycopg2_binary-2.9.4-cp310-cp310-manylinux_2_24_ppc64le.whl", hash = "sha256:704f1fcdc5b606b70563ea696c69bda90caee3a2f45ffc9cee60a901b394a79f"},
    {file = "psycopg2_binary-2.9.4-cp310-cp310-musllinux_1_1_aarch64.whl", hash = "sha256:30200b07779446760813eef06098ec6d084131e4365b4e023eb43100de758b11"},
    {file = "psycopg2_binary-2.9.4-cp310-cp310-musllinux_1_1_i686.whl", hash = "sha256:f5fbb3b325c65010e04af206a9243e2df8606736c510c7f268aca6a93e5294a9"},
    {file = "psycopg2_binary-2.9.4-cp310-cp310-musllinux_1_1_ppc64le.whl", hash = "sha256:52383e932e6de5595963f9178cf2af7b9e1f3daacf5135b9c0e21aabbc5bf7c4"},
    {file = "psycopg2_binary-2.9.4-cp310-cp310-musllinux_1_1_x86_64.whl", hash = "sha256:0d8e0c9eec79fe1ae66691e06e3cc714da6fbd77981209bf32fa823c03dbaff8"},
    {file = "psycopg2_binary-2.9.4-cp310-cp310-win32.whl", hash = "sha256:161dc52a617f0bb610a87d391cb2e77fe65b89ebfbd752f4f3217dde701ea196"},
    {file = "psycopg2_binary-2.9.4-cp310-cp310-win_amd64.whl", hash = "sha256:33ac8b4754e6b6b21f3ee180da169d8526d91aee9408ec1fc573c16ab32b0207"},
    {file = "psycopg2_binary-2.9.4-cp36-cp36m-macosx_10_14_x86_64.macosx_10_9_intel.macosx_10_9_x86_64.macosx_10_10_intel.macosx_10_10_x86_64.whl", hash = "sha256:7751b11cd7f6b952b4b5ec5b93b5be9ce20faba786c18c25c354f5d8717a173c"},
    {file = "psycopg2_binary-2.9.4-cp36-cp36m-manylinux_2_17_i686.manylinux2014_i686.whl", hash = "sha256:b216a15e13f6e763db40ac3beb74b588650bc030d10a78fde182b88d273b82b5"},
    {file = "psycopg2_binary-2.9.4-cp36-cp36m-manylinux_2_17_x86_64.manylinux2014_x86_64.whl", hash = "sha256:0eae72190be519bf2629062eab7ac8d4ceec5bd132953cefa1596584d86964fe"},
    {file = "psycopg2_binary-2.9.4-cp36-cp36m-manylinux_2_24_aarch64.whl", hash = "sha256:fb639a0e65dce4a9cccbcbdd8ddd0c8c6ab10bca317b827a5c52ac3c3a4ad60a"},
    {file = "psycopg2_binary-2.9.4-cp36-cp36m-manylinux_2_24_ppc64le.whl", hash = "sha256:80ed219ce6cb21a5b53ead0edf5b56b6d23de4cb95389ac606f47670474f4816"},
    {file = "psycopg2_binary-2.9.4-cp36-cp36m-musllinux_1_1_aarch64.whl", hash = "sha256:f78cafa25731e0b5aa16fe20bea1abf643d4e853f6bfb8a64421b06b878e2b88"},
    {file = "psycopg2_binary-2.9.4-cp36-cp36m-musllinux_1_1_i686.whl", hash = "sha256:34fd249275faa782c3a2016e86ac2330636ac58d731a1580e7d686e3976b9536"},
    {file = "psycopg2_binary-2.9.4-cp36-cp36m-musllinux_1_1_ppc64le.whl", hash = "sha256:24d627ed69e754c48dd142a914124858c600b4108c92546eb0ba822e63c0c6e2"},
    {file = "psycopg2_binary-2.9.4-cp36-cp36m-musllinux_1_1_x86_64.whl", hash = "sha256:65d5f4e70a2d3fbaa1349236968792611088f3f2dccead36c1626e1d183cc327"},
    {file = "psycopg2_binary-2.9.4-cp36-cp36m-win32.whl", hash = "sha256:ae5b41dbf7731b838021923edfbe3b5ccdec84d92d5795f5229c0d08d32509d9"},
    {file = "psycopg2_binary-2.9.4-cp36-cp36m-win_amd64.whl", hash = "sha256:97e4f3d9b17d12e7c00cb1c29c0040044135cd5146838da4274615dbe0baae78"},
    {file = "psycopg2_binary-2.9.4-cp37-cp37m-macosx_10_15_x86_64.macosx_10_9_intel.macosx_10_9_x86_64.macosx_10_10_intel.macosx_10_10_x86_64.whl", hash = "sha256:8660112e9127a019969a23c878e1b4a419e8a6427f9a9050c19830f152628c8a"},
    {file = "psycopg2_binary-2.9.4-cp37-cp37m-manylinux_2_17_i686.manylinux2014_i686.whl", hash = "sha256:ea8d5cd689fa7225d81ae0a049ba03e0165f4ed9ca083b19a405be9ad0b36845"},
    {file = "psycopg2_binary-2.9.4-cp37-cp37m-manylinux_2_17_x86_64.manylinux2014_x86_64.whl", hash = "sha256:63edc507f8cbfbb5903adb75bad8a99f9798981c854df9119dbebab2ec3ee0e1"},
    {file = "psycopg2_binary-2.9.4-cp37-cp37m-manylinux_2_24_aarch64.whl", hash = "sha256:25e0517ad7ee3c5c3c69dbe3c1d95504c811e42f452b39a3505d0763b1f6caa0"},
    {file = "psycopg2_binary-2.9.4-cp37-cp37m-manylinux_2_24_ppc64le.whl", hash = "sha256:0a9465f0aa36480c8e7614991cbe8ca8aa16b0517c5398a49648ce345e446c19"},
    {file = "psycopg2_binary-2.9.4-cp37-cp37m-musllinux_1_1_aarch64.whl", hash = "sha256:aff258af03dda9a990960a53759d10c3a9b936837c71fe2f3b581acd356b9121"},
    {file = "psycopg2_binary-2.9.4-cp37-cp37m-musllinux_1_1_i686.whl", hash = "sha256:576b9dfbcd154a0e8b5d9dae6316d037450e64a3b31df87dec71d88e2a2d5e5f"},
    {file = "psycopg2_binary-2.9.4-cp37-cp37m-musllinux_1_1_ppc64le.whl", hash = "sha256:044b6ab68613de7ea1e63856627deea091bfea09dea5ab4f050b13250fd18cab"},
    {file = "psycopg2_binary-2.9.4-cp37-cp37m-musllinux_1_1_x86_64.whl", hash = "sha256:7b47643c45e7619788c081d42e1d9d98c7c8a4933010a9967d097cc3c4c29f41"},
    {file = "psycopg2_binary-2.9.4-cp37-cp37m-win32.whl", hash = "sha256:82df4a8600999c4c0cb7d6614df1bbdb3c74732f63e79f78487893ffbed3d083"},
    {file = "psycopg2_binary-2.9.4-cp37-cp37m-win_amd64.whl", hash = "sha256:8d7bc25729bb6d96b44f49ad78fde0e27a1a867cb205322b7e5f5b49e04d6f1f"},
    {file = "psycopg2_binary-2.9.4-cp38-cp38-macosx_10_15_x86_64.macosx_10_9_intel.macosx_10_9_x86_64.macosx_10_10_intel.macosx_10_10_x86_64.whl", hash = "sha256:2f1ded23d17af0d738e7e78087f0b88a53228887845b1989b03af4dfd3fef703"},
    {file = "psycopg2_binary-2.9.4-cp38-cp38-macosx_11_0_arm64.whl", hash = "sha256:f225784812b2b57d340f2eb0d2cebef989dcc82c288f5553e28ee9767c7c8344"},
    {file = "psycopg2_binary-2.9.4-cp38-cp38-manylinux_2_17_i686.manylinux2014_i686.whl", hash = "sha256:89a86c2b35460700d04b4d6461153ab39ee85af5a5385acac9563a8310e6320a"},
    {file = "psycopg2_binary-2.9.4-cp38-cp38-manylinux_2_17_x86_64.manylinux2014_x86_64.whl", hash = "sha256:59a3010d566a48b919490a982f6807f68842686941dc12d568e129d9cd7703d6"},
    {file = "psycopg2_binary-2.9.4-cp38-cp38-manylinux_2_24_aarch64.whl", hash = "sha256:02cde837df012fa5d579b9cf4bc8e1feb460f38d61f7a4ab4a919d55a9f6eeef"},
    {file = "psycopg2_binary-2.9.4-cp38-cp38-manylinux_2_24_ppc64le.whl", hash = "sha256:226f11be577b70a57f4910c0ee28591d4d9fcb3d455e966267179156ae2e0c41"},
    {file = "psycopg2_binary-2.9.4-cp38-cp38-musllinux_1_1_aarch64.whl", hash = "sha256:181ac372a5a5308b4076933601a9b5f0cd139b389b0aa5e164786a2abbcdb978"},
    {file = "psycopg2_binary-2.9.4-cp38-cp38-musllinux_1_1_i686.whl", hash = "sha256:d5f27b1d1b56470385faa2b2636fcb823e7ac5b5b734e0aa76b14637c66eb3b7"},
    {file = "psycopg2_binary-2.9.4-cp38-cp38-musllinux_1_1_ppc64le.whl", hash = "sha256:55137faec669c4277c5687c6ce7c1fbc4dece0e2f14256ee808f4a652f0a2170"},
    {file = "psycopg2_binary-2.9.4-cp38-cp38-musllinux_1_1_x86_64.whl", hash = "sha256:ffb2f288f577a748cc23c65a818290755a4c2da1f87a40d7055b61a096d31e20"},
    {file = "psycopg2_binary-2.9.4-cp38-cp38-win32.whl", hash = "sha256:451550e0bb5889bbabbf92575a6d6eafced941cc28c86be6ae4667f81bf32d67"},
    {file = "psycopg2_binary-2.9.4-cp38-cp38-win_amd64.whl", hash = "sha256:b23b25b1243576b952689966205ef7d4285688068b966a1ca0e620bcb390d483"},
    {file = "psycopg2_binary-2.9.4-cp39-cp39-macosx_10_15_x86_64.macosx_10_9_intel.macosx_10_9_x86_64.macosx_10_10_intel.macosx_10_10_x86_64.whl", hash = "sha256:7ad9d032dc1a31a86ca7b059f43554a049a2bfda8fe32d1492ad25f6686aff03"},
    {file = "psycopg2_binary-2.9.4-cp39-cp39-macosx_11_0_arm64.whl", hash = "sha256:7b01d07006a0ac2216921b69a220b9f0974345d0b1b36efaeabdc7550b1cc4f8"},
    {file = "psycopg2_binary-2.9.4-cp39-cp39-manylinux_2_17_i686.manylinux2014_i686.whl", hash = "sha256:eb5341fc7c53fdd95ac2415be77b1de854ab266488cff71174ebb007baf0e675"},
    {file = "psycopg2_binary-2.9.4-cp39-cp39-manylinux_2_17_x86_64.manylinux2014_x86_64.whl", hash = "sha256:a431deb6ffdfa551f7400b3a94fa4b964837e67f49e3c37aa26d90dc75970816"},
    {file = "psycopg2_binary-2.9.4-cp39-cp39-manylinux_2_24_aarch64.whl", hash = "sha256:d6ba33f39436191ece7ea2b3d0b4dff00af71acd5c6e6f1d6b7563aa7286e9f2"},
    {file = "psycopg2_binary-2.9.4-cp39-cp39-manylinux_2_24_ppc64le.whl", hash = "sha256:d6c5e1df6f427d7a82606cf8f07cf3ba9fb3f366804b01e65f1f00f8df6b54f1"},
    {file = "psycopg2_binary-2.9.4-cp39-cp39-musllinux_1_1_aarch64.whl", hash = "sha256:1c22c59ab7d9dc110d409445f111f58556bf699b0548f3fc5176684a29c629c4"},
    {file = "psycopg2_binary-2.9.4-cp39-cp39-musllinux_1_1_i686.whl", hash = "sha256:b896637091cde69d170a89253dde9aee814b25ca204b7e213fd0a6462e666638"},
    {file = "psycopg2_binary-2.9.4-cp39-cp39-musllinux_1_1_ppc64le.whl", hash = "sha256:2535f44b00f26f6af0e949c825e6aecb9adcb56c965c17af5b97137fb69f00c0"},
    {file = "psycopg2_binary-2.9.4-cp39-cp39-musllinux_1_1_x86_64.whl", hash = "sha256:6a1618260a112a9c93504511f0b6254b4402a8c41b7130dc6d4c9e39aff3aa0c"},
    {file = "psycopg2_binary-2.9.4-cp39-cp39-win32.whl", hash = "sha256:e02f77b620ad6b36564fe41980865436912e21a3b1138cdde175cf24afde1bc5"},
    {file = "psycopg2_binary-2.9.4-cp39-cp39-win_amd64.whl", hash = "sha256:44f5dc9b4384bafca8429759ce76c8960ffc2b583fcad9e5dfb3e5f4894269e4"},
]
pycparser = [
    {file = "pycparser-2.20-py2.py3-none-any.whl", hash = "sha256:7582ad22678f0fcd81102833f60ef8d0e57288b6b5fb00323d101be910e35705"},
    {file = "pycparser-2.20.tar.gz", hash = "sha256:2d475327684562c3a96cc71adf7dc8c4f0565175cf86b6d7a404ff4c771f15f0"},
]
pyjwt = [
    {file = "PyJWT-1.7.1-py2.py3-none-any.whl", hash = "sha256:5c6eca3c2940464d106b99ba83b00c6add741c9becaec087fb7ccdefea71350e"},
    {file = "PyJWT-1.7.1.tar.gz", hash = "sha256:8d59a976fb773f3e6a39c85636357c4f0e242707394cadadd9814f5cbaa20e96"},
]
python3-openid = [
    {file = "python3-openid-3.2.0.tar.gz", hash = "sha256:33fbf6928f401e0b790151ed2b5290b02545e8775f982485205a066f874aaeaf"},
    {file = "python3_openid-3.2.0-py3-none-any.whl", hash = "sha256:6626f771e0417486701e0b4daff762e7212e820ca5b29fcc0d05f6f8736dfa6b"},
]
pytz = [
    {file = "pytz-2020.4-py2.py3-none-any.whl", hash = "sha256:5c55e189b682d420be27c6995ba6edce0c0a77dd67bfbe2ae6607134d5851ffd"},
    {file = "pytz-2020.4.tar.gz", hash = "sha256:3e6b7dd2d1e0a59084bcee14a17af60c5c562cdc16d828e8eba2e683d3a7e268"},
]
requests = [
    {file = "requests-2.25.0-py2.py3-none-any.whl", hash = "sha256:e786fa28d8c9154e6a4de5d46a1d921b8749f8b74e28bde23768e5e16eece998"},
    {file = "requests-2.25.0.tar.gz", hash = "sha256:7f1a0b932f4a60a1a65caa4263921bb7d9ee911957e0ae4a23a6dd08185ad5f8"},
]
requests-oauthlib = [
    {file = "requests-oauthlib-1.3.0.tar.gz", hash = "sha256:b4261601a71fd721a8bd6d7aa1cc1d6a8a93b4a9f5e96626f8e4d91e8beeaa6a"},
    {file = "requests_oauthlib-1.3.0-py2.py3-none-any.whl", hash = "sha256:7f71572defaecd16372f9006f33c2ec8c077c3cfa6f5911a9a90202beb513f3d"},
]
setuptools = [
    {file = "setuptools-65.4.1-py3-none-any.whl", hash = "sha256:1b6bdc6161661409c5f21508763dc63ab20a9ac2f8ba20029aaaa7fdb9118012"},
    {file = "setuptools-65.4.1.tar.gz", hash = "sha256:3050e338e5871e70c72983072fe34f6032ae1cdeeeb67338199c2f74e083a80e"},
]
six = [
    {file = "six-1.15.0-py2.py3-none-any.whl", hash = "sha256:8b74bedcbbbaca38ff6d7491d76f2b06b3592611af620f8426e82dddb04a5ced"},
    {file = "six-1.15.0.tar.gz", hash = "sha256:30639c035cdb23534cd4aa2dd52c3bf48f06e5f4a941509c8bafd8ce11080259"},
]
social-auth-app-django = [
    {file = "social-auth-app-django-4.0.0.tar.gz", hash = "sha256:2c69e57df0b30c9c1823519c5f1992cbe4f3f98fdc7d95c840e091a752708840"},
    {file = "social_auth_app_django-4.0.0-py2-none-any.whl", hash = "sha256:df5212370bd250108987c4748419a1a1d0cec750878856c2644c36aaa0fd3e58"},
    {file = "social_auth_app_django-4.0.0-py3-none-any.whl", hash = "sha256:567ad0e028311541d7dfed51d3bf2c60440a6fd236d5d4d06c5a618b3d6c57c5"},
]
social-auth-core = [
    {file = "social-auth-core-3.3.3.tar.gz", hash = "sha256:2f6ce1af8ec2b2cc37b86d647f7d4e4292f091ee556941db34b1e0e2dee77fc0"},
    {file = "social_auth_core-3.3.3-py2-none-any.whl", hash = "sha256:4a3cdf69c449b235cdabd54a1be7ba3722611297e69fded52e3584b1a990af25"},
    {file = "social_auth_core-3.3.3-py3-none-any.whl", hash = "sha256:21c0639c56befd33ec162c2210d583bb1de8e1136d53b21bafb96afaf2f86c91"},
]
sqlparse = [
    {file = "sqlparse-0.4.1-py3-none-any.whl", hash = "sha256:017cde379adbd6a1f15a61873f43e8274179378e95ef3fede90b5aa64d304ed0"},
    {file = "sqlparse-0.4.1.tar.gz", hash = "sha256:0f91fd2e829c44362cbcfab3e9ae12e22badaa8a29ad5ff599f9ec109f0454e8"},
]
urllib3 = [
    {file = "urllib3-1.26.2-py2.py3-none-any.whl", hash = "sha256:d8ff90d979214d7b4f8ce956e80f4028fc6860e4431f731ea4a8c08f23f99473"},
    {file = "urllib3-1.26.2.tar.gz", hash = "sha256:19188f96923873c92ccb987120ec4acaa12f0461fa9ce5d3d0772bc965a39e08"},
]
